
Microsoft Visual Studio Solution File, Format Version 12.00
# Visual Studio 15
VisualStudioVersion = 15.0.26730.16
MinimumVisualStudioVersion = 10.0.40219.1
Project("{FAE04EC0-301F-11D3-BF4B-00C04F79EFBC}") = "RomanNumeralsKata", "RomanNumeralsKata\RomanNumeralsKata.csproj", "{5D385490-92B3-440F-9745-989DF04B947F}"
EndProject
Project("{FAE04EC0-301F-11D3-BF4B-00C04F79EFBC}") = "RomanNumeralsKataTest", "RomanNumeralsKataTest\RomanNumeralsKataTest.csproj", "{9CCD0CD3-1399-4F6C-9053-D9704128E653}"
EndProject
Global
	GlobalSection(SolutionConfigurationPlatforms) = preSolution
		Debug|Any CPU = Debug|Any CPU
		Debug|x64 = Debug|x64
		Release|Any CPU = Release|Any CPU
		Release|x64 = Release|x64
	EndGlobalSection
	GlobalSection(ProjectConfigurationPlatforms) = postSolution
		{5D385490-92B3-440F-9745-989DF04B947F}.Debug|Any CPU.ActiveCfg = Debug|Any CPU
		{5D385490-92B3-440F-9745-989DF04B947F}.Debug|Any CPU.Build.0 = Debug|Any CPU
		{5D385490-92B3-440F-9745-989DF04B947F}.Debug|x64.ActiveCfg = Debug|x64
		{5D385490-92B3-440F-9745-989DF04B947F}.Debug|x64.Build.0 = Debug|x64
		{5D385490-92B3-440F-9745-989DF04B947F}.Release|Any CPU.ActiveCfg = Release|Any CPU
		{5D385490-92B3-440F-9745-989DF04B947F}.Release|Any CPU.Build.0 = Release|Any CPU
		{5D385490-92B3-440F-9745-989DF04B947F}.Release|x64.ActiveCfg = Release|x64
		{5D385490-92B3-440F-9745-989DF04B947F}.Release|x64.Build.0 = Release|x64
		{9CCD0CD3-1399-4F6C-9053-D9704128E653}.Debug|Any CPU.ActiveCfg = Debug|Any CPU
		{9CCD0CD3-1399-4F6C-9053-D9704128E653}.Debug|Any CPU.Build.0 = Debug|Any CPU
		{9CCD0CD3-1399-4F6C-9053-D9704128E653}.Debug|x64.ActiveCfg = Debug|Any CPU
		{9CCD0CD3-1399-4F6C-9053-D9704128E653}.Debug|x64.Build.0 = Debug|Any CPU
		{9CCD0CD3-1399-4F6C-9053-D9704128E653}.Release|Any CPU.ActiveCfg = Release|Any CPU
		{9CCD0CD3-1399-4F6C-9053-D9704128E653}.Release|Any CPU.Build.0 = Release|Any CPU
		{9CCD0CD3-1399-4F6C-9053-D9704128E653}.Release|x64.ActiveCfg = Release|Any CPU
		{9CCD0CD3-1399-4F6C-9053-D9704128E653}.Release|x64.Build.0 = Release|Any CPU
	EndGlobalSection
	GlobalSection(SolutionProperties) = preSolution
		HideSolutionNode = FALSE
	EndGlobalSection
	GlobalSection(ExtensibilityGlobals) = postSolution
		SolutionGuid = {48E5563F-3DD1-4315-ABA2-81817C1FC172}
	EndGlobalSection
EndGlobal
